// !$*UTF8*$!
{
	archiveVersion = 1;
	classes = {
	};
	objectVersion = 46;
	objects = {

/* Begin PBXBuildFile section */
		E20A57931C61294E00D1A094 /* LocalData.m in Sources */ = {isa = PBXBuildFile; fileRef = E20A57921C61294E00D1A094 /* LocalData.m */; };
		E20A57A11C62281A00D1A094 /* CustomBarTableViewCell.m in Sources */ = {isa = PBXBuildFile; fileRef = E20A579F1C62281A00D1A094 /* CustomBarTableViewCell.m */; };
		E20A57A21C62281A00D1A094 /* CustomBarTableViewCell.xib in Resources */ = {isa = PBXBuildFile; fileRef = E20A57A01C62281A00D1A094 /* CustomBarTableViewCell.xib */; };
		E20A57A51C62684200D1A094 /* ReservationViewController.m in Sources */ = {isa = PBXBuildFile; fileRef = E20A57A41C62684200D1A094 /* ReservationViewController.m */; };
		E20A57A81C62928F00D1A094 /* Reservation.m in Sources */ = {isa = PBXBuildFile; fileRef = E20A57A71C62928F00D1A094 /* Reservation.m */; };
		E20A57AF1C62B7FB00D1A094 /* Bolts.framework in Frameworks */ = {isa = PBXBuildFile; fileRef = E20A57A91C62B7FB00D1A094 /* Bolts.framework */; };
		E20A57B01C62B7FB00D1A094 /* Parse.framework in Frameworks */ = {isa = PBXBuildFile; fileRef = E20A57AA1C62B7FB00D1A094 /* Parse.framework */; };
		E20A57B11C62B7FB00D1A094 /* ParseFacebookUtils.framework in Frameworks */ = {isa = PBXBuildFile; fileRef = E20A57AB1C62B7FB00D1A094 /* ParseFacebookUtils.framework */; };
		E20A57B21C62B7FB00D1A094 /* ParseFacebookUtilsV4.framework in Frameworks */ = {isa = PBXBuildFile; fileRef = E20A57AC1C62B7FB00D1A094 /* ParseFacebookUtilsV4.framework */; };
		E20A57B31C62B7FB00D1A094 /* ParseTwitterUtils.framework in Frameworks */ = {isa = PBXBuildFile; fileRef = E20A57AD1C62B7FB00D1A094 /* ParseTwitterUtils.framework */; };
		E20A57B41C62B7FB00D1A094 /* ParseUI.framework in Frameworks */ = {isa = PBXBuildFile; fileRef = E20A57AE1C62B7FB00D1A094 /* ParseUI.framework */; };
		E20A57B91C62BA2400D1A094 /* AudioToolbox.framework in Frameworks */ = {isa = PBXBuildFile; fileRef = E20A57B51C62BA2400D1A094 /* AudioToolbox.framework */; };
		E20A57BA1C62BA2400D1A094 /* CFNetwork.framework in Frameworks */ = {isa = PBXBuildFile; fileRef = E20A57B61C62BA2400D1A094 /* CFNetwork.framework */; };
		E20A57BB1C62BA2400D1A094 /* CoreGraphics.framework in Frameworks */ = {isa = PBXBuildFile; fileRef = E20A57B71C62BA2400D1A094 /* CoreGraphics.framework */; };
		E20A57BC1C62BA2400D1A094 /* CoreLocation.framework in Frameworks */ = {isa = PBXBuildFile; fileRef = E20A57B81C62BA2400D1A094 /* CoreLocation.framework */; };
		E20A57C11C62BA6700D1A094 /* QuartzCore.framework in Frameworks */ = {isa = PBXBuildFile; fileRef = E20A57BD1C62BA6700D1A094 /* QuartzCore.framework */; };
		E20A57C21C62BA6700D1A094 /* Security.framework in Frameworks */ = {isa = PBXBuildFile; fileRef = E20A57BE1C62BA6700D1A094 /* Security.framework */; };
		E20A57C31C62BA6700D1A094 /* StoreKit.framework in Frameworks */ = {isa = PBXBuildFile; fileRef = E20A57BF1C62BA6700D1A094 /* StoreKit.framework */; };
		E20A57C41C62BA6700D1A094 /* SystemConfiguration.framework in Frameworks */ = {isa = PBXBuildFile; fileRef = E20A57C01C62BA6700D1A094 /* SystemConfiguration.framework */; };
		E20A57C71C62BAAC00D1A094 /* libsqlite3.tbd in Frameworks */ = {isa = PBXBuildFile; fileRef = E20A57C51C62BAAC00D1A094 /* libsqlite3.tbd */; };
		E20A57C81C62BAAC00D1A094 /* libz.tbd in Frameworks */ = {isa = PBXBuildFile; fileRef = E20A57C61C62BAAC00D1A094 /* libz.tbd */; };
		E250BA3B1C5F863C00BFBB66 /* main.m in Sources */ = {isa = PBXBuildFile; fileRef = E250BA3A1C5F863C00BFBB66 /* main.m */; };
		E250BA3E1C5F863C00BFBB66 /* AppDelegate.m in Sources */ = {isa = PBXBuildFile; fileRef = E250BA3D1C5F863C00BFBB66 /* AppDelegate.m */; };
		E250BA411C5F863C00BFBB66 /* MainViewController.m in Sources */ = {isa = PBXBuildFile; fileRef = E250BA401C5F863C00BFBB66 /* MainViewController.m */; };
		E250BA441C5F863C00BFBB66 /* Main.storyboard in Resources */ = {isa = PBXBuildFile; fileRef = E250BA421C5F863C00BFBB66 /* Main.storyboard */; };
		E250BA461C5F863C00BFBB66 /* Assets.xcassets in Resources */ = {isa = PBXBuildFile; fileRef = E250BA451C5F863C00BFBB66 /* Assets.xcassets */; };
		E250BA491C5F863C00BFBB66 /* LaunchScreen.storyboard in Resources */ = {isa = PBXBuildFile; fileRef = E250BA471C5F863C00BFBB66 /* LaunchScreen.storyboard */; };
		E250BA541C5FCE4400BFBB66 /* Bar.m in Sources */ = {isa = PBXBuildFile; fileRef = E250BA531C5FCE4400BFBB66 /* Bar.m */; };
		E250BA5A1C5FFF5D00BFBB66 /* BarListTableViewController.m in Sources */ = {isa = PBXBuildFile; fileRef = E250BA591C5FFF5D00BFBB66 /* BarListTableViewController.m */; };
		E250BA5D1C60050100BFBB66 /* BarDetailsViewController.m in Sources */ = {isa = PBXBuildFile; fileRef = E250BA5C1C60050100BFBB66 /* BarDetailsViewController.m */; };
		E2F7A23A1C65218F0080B1F6 /* SearchViewController.m in Sources */ = {isa = PBXBuildFile; fileRef = E2F7A2391C65218F0080B1F6 /* SearchViewController.m */; };
		E2F7A23D1C6523720080B1F6 /* SearchTableViewController.m in Sources */ = {isa = PBXBuildFile; fileRef = E2F7A23C1C6523720080B1F6 /* SearchTableViewController.m */; };
		E2FCA5891C637B1E0076E56C /* LoginViewController.swift in Sources */ = {isa = PBXBuildFile; fileRef = E2FCA5881C637B1E0076E56C /* LoginViewController.swift */; };
		E2FCA58B1C637B700076E56C /* RegisterViewController.swift in Sources */ = {isa = PBXBuildFile; fileRef = E2FCA58A1C637B700076E56C /* RegisterViewController.swift */; };
/* End PBXBuildFile section */

/* Begin PBXFileReference section */
		E20A57911C61294E00D1A094 /* LocalData.h */ = {isa = PBXFileReference; fileEncoding = 4; lastKnownFileType = sourcecode.c.h; name = LocalData.h; path = BarFinder/LocalData.h; sourceTree = "<group>"; };
		E20A57921C61294E00D1A094 /* LocalData.m */ = {isa = PBXFileReference; fileEncoding = 4; lastKnownFileType = sourcecode.c.objc; name = LocalData.m; path = BarFinder/LocalData.m; sourceTree = "<group>"; };
		E20A579E1C62281A00D1A094 /* CustomBarTableViewCell.h */ = {isa = PBXFileReference; fileEncoding = 4; lastKnownFileType = sourcecode.c.h; name = CustomBarTableViewCell.h; path = BarFinder/CustomBarTableViewCell.h; sourceTree = "<group>"; };
		E20A579F1C62281A00D1A094 /* CustomBarTableViewCell.m */ = {isa = PBXFileReference; fileEncoding = 4; lastKnownFileType = sourcecode.c.objc; name = CustomBarTableViewCell.m; path = BarFinder/CustomBarTableViewCell.m; sourceTree = "<group>"; };
		E20A57A01C62281A00D1A094 /* CustomBarTableViewCell.xib */ = {isa = PBXFileReference; fileEncoding = 4; lastKnownFileType = file.xib; name = CustomBarTableViewCell.xib; path = BarFinder/CustomBarTableViewCell.xib; sourceTree = "<group>"; };
		E20A57A31C62684200D1A094 /* ReservationViewController.h */ = {isa = PBXFileReference; fileEncoding = 4; lastKnownFileType = sourcecode.c.h; name = ReservationViewController.h; path = BarFinder/ReservationViewController.h; sourceTree = "<group>"; };
		E20A57A41C62684200D1A094 /* ReservationViewController.m */ = {isa = PBXFileReference; fileEncoding = 4; lastKnownFileType = sourcecode.c.objc; name = ReservationViewController.m; path = BarFinder/ReservationViewController.m; sourceTree = "<group>"; };
		E20A57A61C62928F00D1A094 /* Reservation.h */ = {isa = PBXFileReference; fileEncoding = 4; lastKnownFileType = sourcecode.c.h; name = Reservation.h; path = BarFinder/Reservation.h; sourceTree = "<group>"; };
		E20A57A71C62928F00D1A094 /* Reservation.m */ = {isa = PBXFileReference; fileEncoding = 4; lastKnownFileType = sourcecode.c.objc; name = Reservation.m; path = BarFinder/Reservation.m; sourceTree = "<group>"; };
		E20A57A91C62B7FB00D1A094 /* Bolts.framework */ = {isa = PBXFileReference; lastKnownFileType = wrapper.framework; path = Bolts.framework; sourceTree = "<group>"; };
		E20A57AA1C62B7FB00D1A094 /* Parse.framework */ = {isa = PBXFileReference; lastKnownFileType = wrapper.framework; path = Parse.framework; sourceTree = "<group>"; };
		E20A57AB1C62B7FB00D1A094 /* ParseFacebookUtils.framework */ = {isa = PBXFileReference; lastKnownFileType = wrapper.framework; path = ParseFacebookUtils.framework; sourceTree = "<group>"; };
		E20A57AC1C62B7FB00D1A094 /* ParseFacebookUtilsV4.framework */ = {isa = PBXFileReference; lastKnownFileType = wrapper.framework; path = ParseFacebookUtilsV4.framework; sourceTree = "<group>"; };
		E20A57AD1C62B7FB00D1A094 /* ParseTwitterUtils.framework */ = {isa = PBXFileReference; lastKnownFileType = wrapper.framework; path = ParseTwitterUtils.framework; sourceTree = "<group>"; };
		E20A57AE1C62B7FB00D1A094 /* ParseUI.framework */ = {isa = PBXFileReference; lastKnownFileType = wrapper.framework; path = ParseUI.framework; sourceTree = "<group>"; };
		E20A57B51C62BA2400D1A094 /* AudioToolbox.framework */ = {isa = PBXFileReference; lastKnownFileType = wrapper.framework; name = AudioToolbox.framework; path = System/Library/Frameworks/AudioToolbox.framework; sourceTree = SDKROOT; };
		E20A57B61C62BA2400D1A094 /* CFNetwork.framework */ = {isa = PBXFileReference; lastKnownFileType = wrapper.framework; name = CFNetwork.framework; path = System/Library/Frameworks/CFNetwork.framework; sourceTree = SDKROOT; };
		E20A57B71C62BA2400D1A094 /* CoreGraphics.framework */ = {isa = PBXFileReference; lastKnownFileType = wrapper.framework; name = CoreGraphics.framework; path = System/Library/Frameworks/CoreGraphics.framework; sourceTree = SDKROOT; };
		E20A57B81C62BA2400D1A094 /* CoreLocation.framework */ = {isa = PBXFileReference; lastKnownFileType = wrapper.framework; name = CoreLocation.framework; path = System/Library/Frameworks/CoreLocation.framework; sourceTree = SDKROOT; };
		E20A57BD1C62BA6700D1A094 /* QuartzCore.framework */ = {isa = PBXFileReference; lastKnownFileType = wrapper.framework; name = QuartzCore.framework; path = System/Library/Frameworks/QuartzCore.framework; sourceTree = SDKROOT; };
		E20A57BE1C62BA6700D1A094 /* Security.framework */ = {isa = PBXFileReference; lastKnownFileType = wrapper.framework; name = Security.framework; path = System/Library/Frameworks/Security.framework; sourceTree = SDKROOT; };
		E20A57BF1C62BA6700D1A094 /* StoreKit.framework */ = {isa = PBXFileReference; lastKnownFileType = wrapper.framework; name = StoreKit.framework; path = System/Library/Frameworks/StoreKit.framework; sourceTree = SDKROOT; };
		E20A57C01C62BA6700D1A094 /* SystemConfiguration.framework */ = {isa = PBXFileReference; lastKnownFileType = wrapper.framework; name = SystemConfiguration.framework; path = System/Library/Frameworks/SystemConfiguration.framework; sourceTree = SDKROOT; };
		E20A57C51C62BAAC00D1A094 /* libsqlite3.tbd */ = {isa = PBXFileReference; lastKnownFileType = "sourcecode.text-based-dylib-definition"; name = libsqlite3.tbd; path = usr/lib/libsqlite3.tbd; sourceTree = SDKROOT; };
		E20A57C61C62BAAC00D1A094 /* libz.tbd */ = {isa = PBXFileReference; lastKnownFileType = "sourcecode.text-based-dylib-definition"; name = libz.tbd; path = usr/lib/libz.tbd; sourceTree = SDKROOT; };
		E250BA361C5F863C00BFBB66 /* BarFinder.app */ = {isa = PBXFileReference; explicitFileType = wrapper.application; includeInIndex = 0; path = BarFinder.app; sourceTree = BUILT_PRODUCTS_DIR; };
		E250BA3A1C5F863C00BFBB66 /* main.m */ = {isa = PBXFileReference; lastKnownFileType = sourcecode.c.objc; path = main.m; sourceTree = "<group>"; };
		E250BA3C1C5F863C00BFBB66 /* AppDelegate.h */ = {isa = PBXFileReference; lastKnownFileType = sourcecode.c.h; path = AppDelegate.h; sourceTree = "<group>"; };
		E250BA3D1C5F863C00BFBB66 /* AppDelegate.m */ = {isa = PBXFileReference; lastKnownFileType = sourcecode.c.objc; path = AppDelegate.m; sourceTree = "<group>"; };
		E250BA3F1C5F863C00BFBB66 /* MainViewController.h */ = {isa = PBXFileReference; lastKnownFileType = sourcecode.c.h; name = MainViewController.h; path = BarFinder/MainViewController.h; sourceTree = "<group>"; };
		E250BA401C5F863C00BFBB66 /* MainViewController.m */ = {isa = PBXFileReference; lastKnownFileType = sourcecode.c.objc; name = MainViewController.m; path = BarFinder/MainViewController.m; sourceTree = "<group>"; };
		E250BA431C5F863C00BFBB66 /* Base */ = {isa = PBXFileReference; lastKnownFileType = file.storyboard; name = Base; path = Base.lproj/Main.storyboard; sourceTree = "<group>"; };
		E250BA451C5F863C00BFBB66 /* Assets.xcassets */ = {isa = PBXFileReference; lastKnownFileType = folder.assetcatalog; path = Assets.xcassets; sourceTree = "<group>"; };
		E250BA481C5F863C00BFBB66 /* Base */ = {isa = PBXFileReference; lastKnownFileType = file.storyboard; name = Base; path = Base.lproj/LaunchScreen.storyboard; sourceTree = "<group>"; };
		E250BA4A1C5F863C00BFBB66 /* Info.plist */ = {isa = PBXFileReference; lastKnownFileType = text.plist.xml; path = Info.plist; sourceTree = "<group>"; };
		E250BA521C5FCE4400BFBB66 /* Bar.h */ = {isa = PBXFileReference; fileEncoding = 4; lastKnownFileType = sourcecode.c.h; name = Bar.h; path = BarFinder/Bar.h; sourceTree = "<group>"; };
		E250BA531C5FCE4400BFBB66 /* Bar.m */ = {isa = PBXFileReference; fileEncoding = 4; lastKnownFileType = sourcecode.c.objc; name = Bar.m; path = BarFinder/Bar.m; sourceTree = "<group>"; };
		E250BA581C5FFF5C00BFBB66 /* BarListTableViewController.h */ = {isa = PBXFileReference; fileEncoding = 4; lastKnownFileType = sourcecode.c.h; name = BarListTableViewController.h; path = BarFinder/BarListTableViewController.h; sourceTree = "<group>"; };
		E250BA591C5FFF5D00BFBB66 /* BarListTableViewController.m */ = {isa = PBXFileReference; fileEncoding = 4; lastKnownFileType = sourcecode.c.objc; name = BarListTableViewController.m; path = BarFinder/BarListTableViewController.m; sourceTree = "<group>"; };
		E250BA5B1C60050100BFBB66 /* BarDetailsViewController.h */ = {isa = PBXFileReference; fileEncoding = 4; lastKnownFileType = sourcecode.c.h; name = BarDetailsViewController.h; path = BarFinder/BarDetailsViewController.h; sourceTree = "<group>"; };
		E250BA5C1C60050100BFBB66 /* BarDetailsViewController.m */ = {isa = PBXFileReference; fileEncoding = 4; lastKnownFileType = sourcecode.c.objc; name = BarDetailsViewController.m; path = BarFinder/BarDetailsViewController.m; sourceTree = "<group>"; };
		E2F7A2381C65218E0080B1F6 /* SearchViewController.h */ = {isa = PBXFileReference; fileEncoding = 4; lastKnownFileType = sourcecode.c.h; name = SearchViewController.h; path = BarFinder/SearchViewController.h; sourceTree = "<group>"; };
		E2F7A2391C65218F0080B1F6 /* SearchViewController.m */ = {isa = PBXFileReference; fileEncoding = 4; lastKnownFileType = sourcecode.c.objc; name = SearchViewController.m; path = BarFinder/SearchViewController.m; sourceTree = "<group>"; };
		E2F7A23B1C6523720080B1F6 /* SearchTableViewController.h */ = {isa = PBXFileReference; fileEncoding = 4; lastKnownFileType = sourcecode.c.h; name = SearchTableViewController.h; path = BarFinder/SearchTableViewController.h; sourceTree = "<group>"; };
		E2F7A23C1C6523720080B1F6 /* SearchTableViewController.m */ = {isa = PBXFileReference; fileEncoding = 4; lastKnownFileType = sourcecode.c.objc; name = SearchTableViewController.m; path = BarFinder/SearchTableViewController.m; sourceTree = "<group>"; };
		E2FCA5881C637B1E0076E56C /* LoginViewController.swift */ = {isa = PBXFileReference; fileEncoding = 4; lastKnownFileType = sourcecode.swift; name = LoginViewController.swift; path = BarFinder/LoginViewController.swift; sourceTree = "<group>"; };
		E2FCA58A1C637B700076E56C /* RegisterViewController.swift */ = {isa = PBXFileReference; fileEncoding = 4; lastKnownFileType = sourcecode.swift; name = RegisterViewController.swift; path = BarFinder/RegisterViewController.swift; sourceTree = "<group>"; };
/* End PBXFileReference section */

/* Begin PBXFrameworksBuildPhase section */
		E250BA331C5F863C00BFBB66 /* Frameworks */ = {
			isa = PBXFrameworksBuildPhase;
			buildActionMask = 2147483647;
			files = (
				E20A57C71C62BAAC00D1A094 /* libsqlite3.tbd in Frameworks */,
				E20A57C81C62BAAC00D1A094 /* libz.tbd in Frameworks */,
				E20A57C11C62BA6700D1A094 /* QuartzCore.framework in Frameworks */,
				E20A57C21C62BA6700D1A094 /* Security.framework in Frameworks */,
				E20A57C31C62BA6700D1A094 /* StoreKit.framework in Frameworks */,
				E20A57C41C62BA6700D1A094 /* SystemConfiguration.framework in Frameworks */,
				E20A57B91C62BA2400D1A094 /* AudioToolbox.framework in Frameworks */,
				E20A57BA1C62BA2400D1A094 /* CFNetwork.framework in Frameworks */,
				E20A57BB1C62BA2400D1A094 /* CoreGraphics.framework in Frameworks */,
				E20A57BC1C62BA2400D1A094 /* CoreLocation.framework in Frameworks */,
				E20A57AF1C62B7FB00D1A094 /* Bolts.framework in Frameworks */,
				E20A57B01C62B7FB00D1A094 /* Parse.framework in Frameworks */,
				E20A57B11C62B7FB00D1A094 /* ParseFacebookUtils.framework in Frameworks */,
				E20A57B21C62B7FB00D1A094 /* ParseFacebookUtilsV4.framework in Frameworks */,
				E20A57B31C62B7FB00D1A094 /* ParseTwitterUtils.framework in Frameworks */,
				E20A57B41C62B7FB00D1A094 /* ParseUI.framework in Frameworks */,
			);
			runOnlyForDeploymentPostprocessing = 0;
		};
/* End PBXFrameworksBuildPhase section */

/* Begin PBXGroup section */
		E20A578D1C61289B00D1A094 /* Data */ = {
			isa = PBXGroup;
			children = (
				E20A57911C61294E00D1A094 /* LocalData.h */,
				E20A57921C61294E00D1A094 /* LocalData.m */,
			);
			name = Data;
			sourceTree = "<group>";
		};
		E20A57951C62237900D1A094 /* Views */ = {
			isa = PBXGroup;
			children = (
				E20A579E1C62281A00D1A094 /* CustomBarTableViewCell.h */,
				E20A579F1C62281A00D1A094 /* CustomBarTableViewCell.m */,
				E20A57A01C62281A00D1A094 /* CustomBarTableViewCell.xib */,
			);
			name = Views;
			sourceTree = "<group>";
		};
		E20A57C91C62BAD100D1A094 /* Frameworks */ = {
			isa = PBXGroup;
			children = (
				E20A57C51C62BAAC00D1A094 /* libsqlite3.tbd */,
				E20A57C61C62BAAC00D1A094 /* libz.tbd */,
				E20A57BD1C62BA6700D1A094 /* QuartzCore.framework */,
				E20A57BE1C62BA6700D1A094 /* Security.framework */,
				E20A57BF1C62BA6700D1A094 /* StoreKit.framework */,
				E20A57C01C62BA6700D1A094 /* SystemConfiguration.framework */,
				E20A57B51C62BA2400D1A094 /* AudioToolbox.framework */,
				E20A57B61C62BA2400D1A094 /* CFNetwork.framework */,
				E20A57B71C62BA2400D1A094 /* CoreGraphics.framework */,
				E20A57B81C62BA2400D1A094 /* CoreLocation.framework */,
				E20A57A91C62B7FB00D1A094 /* Bolts.framework */,
				E20A57AA1C62B7FB00D1A094 /* Parse.framework */,
				E20A57AB1C62B7FB00D1A094 /* ParseFacebookUtils.framework */,
				E20A57AC1C62B7FB00D1A094 /* ParseFacebookUtilsV4.framework */,
				E20A57AD1C62B7FB00D1A094 /* ParseTwitterUtils.framework */,
				E20A57AE1C62B7FB00D1A094 /* ParseUI.framework */,
			);
			name = Frameworks;
			sourceTree = "<group>";
		};
		E250BA2D1C5F863C00BFBB66 = {
			isa = PBXGroup;
			children = (
				E20A57C91C62BAD100D1A094 /* Frameworks */,
				E20A57951C62237900D1A094 /* Views */,
				E20A578D1C61289B00D1A094 /* Data */,
				E250BA511C5FCDEC00BFBB66 /* Controllers */,
				E250BA501C5FCD2300BFBB66 /* Models */,
				E250BA381C5F863C00BFBB66 /* BarFinder */,
				E250BA371C5F863C00BFBB66 /* Products */,
			);
			sourceTree = "<group>";
		};
		E250BA371C5F863C00BFBB66 /* Products */ = {
			isa = PBXGroup;
			children = (
				E250BA361C5F863C00BFBB66 /* BarFinder.app */,
			);
			name = Products;
			sourceTree = "<group>";
		};
		E250BA381C5F863C00BFBB66 /* BarFinder */ = {
			isa = PBXGroup;
			children = (
				E250BA3C1C5F863C00BFBB66 /* AppDelegate.h */,
				E250BA3D1C5F863C00BFBB66 /* AppDelegate.m */,
				E250BA421C5F863C00BFBB66 /* Main.storyboard */,
				E250BA451C5F863C00BFBB66 /* Assets.xcassets */,
				E250BA471C5F863C00BFBB66 /* LaunchScreen.storyboard */,
				E250BA4A1C5F863C00BFBB66 /* Info.plist */,
				E250BA391C5F863C00BFBB66 /* Supporting Files */,
			);
			path = BarFinder;
			sourceTree = "<group>";
		};
		E250BA391C5F863C00BFBB66 /* Supporting Files */ = {
			isa = PBXGroup;
			children = (
				E250BA3A1C5F863C00BFBB66 /* main.m */,
			);
			name = "Supporting Files";
			sourceTree = "<group>";
		};
		E250BA501C5FCD2300BFBB66 /* Models */ = {
			isa = PBXGroup;
			children = (
				E250BA521C5FCE4400BFBB66 /* Bar.h */,
				E250BA531C5FCE4400BFBB66 /* Bar.m */,
				E20A57A61C62928F00D1A094 /* Reservation.h */,
				E20A57A71C62928F00D1A094 /* Reservation.m */,
			);
			name = Models;
			sourceTree = "<group>";
		};
		E250BA511C5FCDEC00BFBB66 /* Controllers */ = {
			isa = PBXGroup;
			children = (
				E250BA3F1C5F863C00BFBB66 /* MainViewController.h */,
				E2F7A23B1C6523720080B1F6 /* SearchTableViewController.h */,
				E2F7A23C1C6523720080B1F6 /* SearchTableViewController.m */,
				E2F7A2381C65218E0080B1F6 /* SearchViewController.h */,
				E2F7A2391C65218F0080B1F6 /* SearchViewController.m */,
				E250BA401C5F863C00BFBB66 /* MainViewController.m */,
				E2FCA58A1C637B700076E56C /* RegisterViewController.swift */,
				E2FCA5881C637B1E0076E56C /* LoginViewController.swift */,
				E250BA5B1C60050100BFBB66 /* BarDetailsViewController.h */,
				E250BA5C1C60050100BFBB66 /* BarDetailsViewController.m */,
				E250BA581C5FFF5C00BFBB66 /* BarListTableViewController.h */,
				E250BA591C5FFF5D00BFBB66 /* BarListTableViewController.m */,
				E20A57A31C62684200D1A094 /* ReservationViewController.h */,
				E20A57A41C62684200D1A094 /* ReservationViewController.m */,
			);
			name = Controllers;
			sourceTree = "<group>";
		};
/* End PBXGroup section */

/* Begin PBXNativeTarget section */
		E250BA351C5F863C00BFBB66 /* BarFinder */ = {
			isa = PBXNativeTarget;
			buildConfigurationList = E250BA4D1C5F863C00BFBB66 /* Build configuration list for PBXNativeTarget "BarFinder" */;
			buildPhases = (
				E250BA321C5F863C00BFBB66 /* Sources */,
				E250BA331C5F863C00BFBB66 /* Frameworks */,
				E250BA341C5F863C00BFBB66 /* Resources */,
			);
			buildRules = (
			);
			dependencies = (
			);
			name = BarFinder;
			productName = BarFinder;
			productReference = E250BA361C5F863C00BFBB66 /* BarFinder.app */;
			productType = "com.apple.product-type.application";
		};
/* End PBXNativeTarget section */

/* Begin PBXProject section */
		E250BA2E1C5F863C00BFBB66 /* Project object */ = {
			isa = PBXProject;
			attributes = {
				LastUpgradeCheck = 0720;
				ORGANIZATIONNAME = Kaloian;
				TargetAttributes = {
					E250BA351C5F863C00BFBB66 = {
						CreatedOnToolsVersion = 7.2;
					};
				};
			};
			buildConfigurationList = E250BA311C5F863C00BFBB66 /* Build configuration list for PBXProject "BarFinder" */;
			compatibilityVersion = "Xcode 3.2";
			developmentRegion = English;
			hasScannedForEncodings = 0;
			knownRegions = (
				en,
				Base,
			);
			mainGroup = E250BA2D1C5F863C00BFBB66;
			productRefGroup = E250BA371C5F863C00BFBB66 /* Products */;
			projectDirPath = "";
			projectRoot = "";
			targets = (
				E250BA351C5F863C00BFBB66 /* BarFinder */,
			);
		};
/* End PBXProject section */

/* Begin PBXResourcesBuildPhase section */
		E250BA341C5F863C00BFBB66 /* Resources */ = {
			isa = PBXResourcesBuildPhase;
			buildActionMask = 2147483647;
			files = (
				E250BA491C5F863C00BFBB66 /* LaunchScreen.storyboard in Resources */,
				E20A57A21C62281A00D1A094 /* CustomBarTableViewCell.xib in Resources */,
				E250BA461C5F863C00BFBB66 /* Assets.xcassets in Resources */,
				E250BA441C5F863C00BFBB66 /* Main.storyboard in Resources */,
			);
			runOnlyForDeploymentPostprocessing = 0;
		};
/* End PBXResourcesBuildPhase section */

/* Begin PBXSourcesBuildPhase section */
		E250BA321C5F863C00BFBB66 /* Sources */ = {
			isa = PBXSourcesBuildPhase;
			buildActionMask = 2147483647;
			files = (
				E2FCA5891C637B1E0076E56C /* LoginViewController.swift in Sources */,
				E2F7A23A1C65218F0080B1F6 /* SearchViewController.m in Sources */,
				E20A57931C61294E00D1A094 /* LocalData.m in Sources */,
				E250BA411C5F863C00BFBB66 /* MainViewController.m in Sources */,
				E2FCA58B1C637B700076E56C /* RegisterViewController.swift in Sources */,
				E250BA541C5FCE4400BFBB66 /* Bar.m in Sources */,
				E250BA3E1C5F863C00BFBB66 /* AppDelegate.m in Sources */,
				E2F7A23D1C6523720080B1F6 /* SearchTableViewController.m in Sources */,
				E20A57A51C62684200D1A094 /* ReservationViewController.m in Sources */,
				E250BA5D1C60050100BFBB66 /* BarDetailsViewController.m in Sources */,
				E20A57A81C62928F00D1A094 /* Reservation.m in Sources */,
				E250BA3B1C5F863C00BFBB66 /* main.m in Sources */,
				E20A57A11C62281A00D1A094 /* CustomBarTableViewCell.m in Sources */,
				E250BA5A1C5FFF5D00BFBB66 /* BarListTableViewController.m in Sources */,
			);
			runOnlyForDeploymentPostprocessing = 0;
		};
/* End PBXSourcesBuildPhase section */

/* Begin PBXVariantGroup section */
		E250BA421C5F863C00BFBB66 /* Main.storyboard */ = {
			isa = PBXVariantGroup;
			children = (
				E250BA431C5F863C00BFBB66 /* Base */,
			);
			name = Main.storyboard;
			sourceTree = "<group>";
		};
		E250BA471C5F863C00BFBB66 /* LaunchScreen.storyboard */ = {
			isa = PBXVariantGroup;
			children = (
				E250BA481C5F863C00BFBB66 /* Base */,
			);
			name = LaunchScreen.storyboard;
			sourceTree = "<group>";
		};
/* End PBXVariantGroup section */

/* Begin XCBuildConfiguration section */
		E250BA4B1C5F863C00BFBB66 /* Debug */ = {
			isa = XCBuildConfiguration;
			buildSettings = {
				ALWAYS_SEARCH_USER_PATHS = NO;
				CLANG_CXX_LANGUAGE_STANDARD = "gnu++0x";
				CLANG_CXX_LIBRARY = "libc++";
				CLANG_ENABLE_MODULES = YES;
				CLANG_ENABLE_OBJC_ARC = YES;
				CLANG_WARN_BOOL_CONVERSION = YES;
				CLANG_WARN_CONSTANT_CONVERSION = YES;
				CLANG_WARN_DIRECT_OBJC_ISA_USAGE = YES_ERROR;
				CLANG_WARN_EMPTY_BODY = YES;
				CLANG_WARN_ENUM_CONVERSION = YES;
				CLANG_WARN_INT_CONVERSION = YES;
				CLANG_WARN_OBJC_ROOT_CLASS = YES_ERROR;
				CLANG_WARN_UNREACHABLE_CODE = YES;
				CLANG_WARN__DUPLICATE_METHOD_MATCH = YES;
				"CODE_SIGN_IDENTITY[sdk=iphoneos*]" = "iPhone Developer";
				COPY_PHASE_STRIP = NO;
				DEBUG_INFORMATION_FORMAT = dwarf;
				ENABLE_STRICT_OBJC_MSGSEND = YES;
				ENABLE_TESTABILITY = YES;
				GCC_C_LANGUAGE_STANDARD = gnu99;
				GCC_DYNAMIC_NO_PIC = NO;
				GCC_NO_COMMON_BLOCKS = YES;
				GCC_OPTIMIZATION_LEVEL = 0;
				GCC_PREPROCESSOR_DEFINITIONS = (
					"DEBUG=1",
					"$(inherited)",
				);
				GCC_WARN_64_TO_32_BIT_CONVERSION = YES;
				GCC_WARN_ABOUT_RETURN_TYPE = YES_ERROR;
				GCC_WARN_UNDECLARED_SELECTOR = YES;
				GCC_WARN_UNINITIALIZED_AUTOS = YES_AGGRESSIVE;
				GCC_WARN_UNUSED_FUNCTION = YES;
				GCC_WARN_UNUSED_VARIABLE = YES;
				IPHONEOS_DEPLOYMENT_TARGET = 9.2;
				MTL_ENABLE_DEBUG_INFO = YES;
				ONLY_ACTIVE_ARCH = YES;
				SDKROOT = iphoneos;
			};
			name = Debug;
		};
		E250BA4C1C5F863C00BFBB66 /* Release */ = {
			isa = XCBuildConfiguration;
			buildSettings = {
				ALWAYS_SEARCH_USER_PATHS = NO;
				CLANG_CXX_LANGUAGE_STANDARD = "gnu++0x";
				CLANG_CXX_LIBRARY = "libc++";
				CLANG_ENABLE_MODULES = YES;
				CLANG_ENABLE_OBJC_ARC = YES;
				CLANG_WARN_BOOL_CONVERSION = YES;
				CLANG_WARN_CONSTANT_CONVERSION = YES;
				CLANG_WARN_DIRECT_OBJC_ISA_USAGE = YES_ERROR;
				CLANG_WARN_EMPTY_BODY = YES;
				CLANG_WARN_ENUM_CONVERSION = YES;
				CLANG_WARN_INT_CONVERSION = YES;
				CLANG_WARN_OBJC_ROOT_CLASS = YES_ERROR;
				CLANG_WARN_UNREACHABLE_CODE = YES;
				CLANG_WARN__DUPLICATE_METHOD_MATCH = YES;
				"CODE_SIGN_IDENTITY[sdk=iphoneos*]" = "iPhone Developer";
				COPY_PHASE_STRIP = NO;
				DEBUG_INFORMATION_FORMAT = "dwarf-with-dsym";
				ENABLE_NS_ASSERTIONS = NO;
				ENABLE_STRICT_OBJC_MSGSEND = YES;
				GCC_C_LANGUAGE_STANDARD = gnu99;
				GCC_NO_COMMON_BLOCKS = YES;
				GCC_WARN_64_TO_32_BIT_CONVERSION = YES;
				GCC_WARN_ABOUT_RETURN_TYPE = YES_ERROR;
				GCC_WARN_UNDECLARED_SELECTOR = YES;
				GCC_WARN_UNINITIALIZED_AUTOS = YES_AGGRESSIVE;
				GCC_WARN_UNUSED_FUNCTION = YES;
				GCC_WARN_UNUSED_VARIABLE = YES;
				IPHONEOS_DEPLOYMENT_TARGET = 9.2;
				MTL_ENABLE_DEBUG_INFO = NO;
				SDKROOT = iphoneos;
				VALIDATE_PRODUCT = YES;
			};
			name = Release;
		};
		E250BA4E1C5F863C00BFBB66 /* Debug */ = {
			isa = XCBuildConfiguration;
			buildSettings = {
				ASSETCATALOG_COMPILER_APPICON_NAME = AppIcon;
				CLANG_ENABLE_MODULES = YES;
				FRAMEWORK_SEARCH_PATHS = (
					"$(inherited)",
					"$(PROJECT_DIR)",
				);
				INFOPLIST_FILE = BarFinder/Info.plist;
				LD_RUNPATH_SEARCH_PATHS = "$(inherited) @executable_path/Frameworks";
				PRODUCT_BUNDLE_IDENTIFIER = GsmHomework.BarFinder;
				PRODUCT_NAME = "$(TARGET_NAME)";
				SWIFT_OPTIMIZATION_LEVEL = "-Onone";
			};
			name = Debug;
		};
		E250BA4F1C5F863C00BFBB66 /* Release */ = {
			isa = XCBuildConfiguration;
			buildSettings = {
				ASSETCATALOG_COMPILER_APPICON_NAME = AppIcon;
				CLANG_ENABLE_MODULES = YES;
				FRAMEWORK_SEARCH_PATHS = (
					"$(inherited)",
					"$(PROJECT_DIR)",
				);
				INFOPLIST_FILE = BarFinder/Info.plist;
				LD_RUNPATH_SEARCH_PATHS = "$(inherited) @executable_path/Frameworks";
				PRODUCT_BUNDLE_IDENTIFIER = GsmHomework.BarFinder;
				PRODUCT_NAME = "$(TARGET_NAME)";
			};
			name = Release;
		};
/* End XCBuildConfiguration section */

/* Begin XCConfigurationList section */
		E250BA311C5F863C00BFBB66 /* Build configuration list for PBXProject "BarFinder" */ = {
			isa = XCConfigurationList;
			buildConfigurations = (
				E250BA4B1C5F863C00BFBB66 /* Debug */,
				E250BA4C1C5F863C00BFBB66 /* Release */,
			);
			defaultConfigurationIsVisible = 0;
			defaultConfigurationName = Release;
		};
		E250BA4D1C5F863C00BFBB66 /* Build configuration list for PBXNativeTarget "BarFinder" */ = {
			isa = XCConfigurationList;
			buildConfigurations = (
				E250BA4E1C5F863C00BFBB66 /* Debug */,
				E250BA4F1C5F863C00BFBB66 /* Release */,
			);
			defaultConfigurationIsVisible = 0;
			defaultConfigurationName = Release;
		};
/* End XCConfigurationList section */
	};
	rootObject = E250BA2E1C5F863C00BFBB66 /* Project object */;
}
